
Microsoft Visual Studio Solution File, Format Version 12.00
# Visual Studio 15
VisualStudioVersion = 15.0.26124.0
MinimumVisualStudioVersion = 15.0.26124.0
Project("{FAE04EC0-301F-11D3-BF4B-00C04F79EFBC}") = "Domain", "Domain\Domain.csproj", "{1EDE8C35-C4A1-4567-989C-EF356BECEC17}"
EndProject
Project("{FAE04EC0-301F-11D3-BF4B-00C04F79EFBC}") = "Application", "Application\Application.csproj", "{D34A3E8B-15B5-4B9A-A722-679ECFD9DBF2}"
EndProject
Project("{FAE04EC0-301F-11D3-BF4B-00C04F79EFBC}") = "Persistence", "Persistence\Persistence.csproj", "{E910B57A-BD22-4661-9844-AA4FD199E5C4}"
EndProject
Project("{FAE04EC0-301F-11D3-BF4B-00C04F79EFBC}") = "API", "API\API.csproj", "{B221693A-F03E-41BB-8AE9-D34C124BFFD9}"
EndProject
Project("{FAE04EC0-301F-11D3-BF4B-00C04F79EFBC}") = "Infrastructure", "Infrastructure\Infrastructure.csproj", "{B7754793-33F4-4006-B163-2FD844EEC0CE}"
EndProject
Global
	GlobalSection(SolutionConfigurationPlatforms) = preSolution
		Debug|Any CPU = Debug|Any CPU
		Debug|x64 = Debug|x64
		Debug|x86 = Debug|x86
		Release|Any CPU = Release|Any CPU
		Release|x64 = Release|x64
		Release|x86 = Release|x86
	EndGlobalSection
	GlobalSection(SolutionProperties) = preSolution
		HideSolutionNode = FALSE
	EndGlobalSection
	GlobalSection(ProjectConfigurationPlatforms) = postSolution
		{1EDE8C35-C4A1-4567-989C-EF356BECEC17}.Debug|Any CPU.ActiveCfg = Debug|Any CPU
		{1EDE8C35-C4A1-4567-989C-EF356BECEC17}.Debug|Any CPU.Build.0 = Debug|Any CPU
		{1EDE8C35-C4A1-4567-989C-EF356BECEC17}.Debug|x64.ActiveCfg = Debug|Any CPU
		{1EDE8C35-C4A1-4567-989C-EF356BECEC17}.Debug|x64.Build.0 = Debug|Any CPU
		{1EDE8C35-C4A1-4567-989C-EF356BECEC17}.Debug|x86.ActiveCfg = Debug|Any CPU
		{1EDE8C35-C4A1-4567-989C-EF356BECEC17}.Debug|x86.Build.0 = Debug|Any CPU
		{1EDE8C35-C4A1-4567-989C-EF356BECEC17}.Release|Any CPU.ActiveCfg = Release|Any CPU
		{1EDE8C35-C4A1-4567-989C-EF356BECEC17}.Release|Any CPU.Build.0 = Release|Any CPU
		{1EDE8C35-C4A1-4567-989C-EF356BECEC17}.Release|x64.ActiveCfg = Release|Any CPU
		{1EDE8C35-C4A1-4567-989C-EF356BECEC17}.Release|x64.Build.0 = Release|Any CPU
		{1EDE8C35-C4A1-4567-989C-EF356BECEC17}.Release|x86.ActiveCfg = Release|Any CPU
		{1EDE8C35-C4A1-4567-989C-EF356BECEC17}.Release|x86.Build.0 = Release|Any CPU
		{D34A3E8B-15B5-4B9A-A722-679ECFD9DBF2}.Debug|Any CPU.ActiveCfg = Debug|Any CPU
		{D34A3E8B-15B5-4B9A-A722-679ECFD9DBF2}.Debug|Any CPU.Build.0 = Debug|Any CPU
		{D34A3E8B-15B5-4B9A-A722-679ECFD9DBF2}.Debug|x64.ActiveCfg = Debug|Any CPU
		{D34A3E8B-15B5-4B9A-A722-679ECFD9DBF2}.Debug|x64.Build.0 = Debug|Any CPU
		{D34A3E8B-15B5-4B9A-A722-679ECFD9DBF2}.Debug|x86.ActiveCfg = Debug|Any CPU
		{D34A3E8B-15B5-4B9A-A722-679ECFD9DBF2}.Debug|x86.Build.0 = Debug|Any CPU
		{D34A3E8B-15B5-4B9A-A722-679ECFD9DBF2}.Release|Any CPU.ActiveCfg = Release|Any CPU
		{D34A3E8B-15B5-4B9A-A722-679ECFD9DBF2}.Release|Any CPU.Build.0 = Release|Any CPU
		{D34A3E8B-15B5-4B9A-A722-679ECFD9DBF2}.Release|x64.ActiveCfg = Release|Any CPU
		{D34A3E8B-15B5-4B9A-A722-679ECFD9DBF2}.Release|x64.Build.0 = Release|Any CPU
		{D34A3E8B-15B5-4B9A-A722-679ECFD9DBF2}.Release|x86.ActiveCfg = Release|Any CPU
		{D34A3E8B-15B5-4B9A-A722-679ECFD9DBF2}.Release|x86.Build.0 = Release|Any CPU
		{E910B57A-BD22-4661-9844-AA4FD199E5C4}.Debug|Any CPU.ActiveCfg = Debug|Any CPU
		{E910B57A-BD22-4661-9844-AA4FD199E5C4}.Debug|Any CPU.Build.0 = Debug|Any CPU
		{E910B57A-BD22-4661-9844-AA4FD199E5C4}.Debug|x64.ActiveCfg = Debug|Any CPU
		{E910B57A-BD22-4661-9844-AA4FD199E5C4}.Debug|x64.Build.0 = Debug|Any CPU
		{E910B57A-BD22-4661-9844-AA4FD199E5C4}.Debug|x86.ActiveCfg = Debug|Any CPU
		{E910B57A-BD22-4661-9844-AA4FD199E5C4}.Debug|x86.Build.0 = Debug|Any CPU
		{E910B57A-BD22-4661-9844-AA4FD199E5C4}.Release|Any CPU.ActiveCfg = Release|Any CPU
		{E910B57A-BD22-4661-9844-AA4FD199E5C4}.Release|Any CPU.Build.0 = Release|Any CPU
		{E910B57A-BD22-4661-9844-AA4FD199E5C4}.Release|x64.ActiveCfg = Release|Any CPU
		{E910B57A-BD22-4661-9844-AA4FD199E5C4}.Release|x64.Build.0 = Release|Any CPU
		{E910B57A-BD22-4661-9844-AA4FD199E5C4}.Release|x86.ActiveCfg = Release|Any CPU
		{E910B57A-BD22-4661-9844-AA4FD199E5C4}.Release|x86.Build.0 = Release|Any CPU
		{B221693A-F03E-41BB-8AE9-D34C124BFFD9}.Debug|Any CPU.ActiveCfg = Debug|Any CPU
		{B221693A-F03E-41BB-8AE9-D34C124BFFD9}.Debug|Any CPU.Build.0 = Debug|Any CPU
		{B221693A-F03E-41BB-8AE9-D34C124BFFD9}.Debug|x64.ActiveCfg = Debug|Any CPU
		{B221693A-F03E-41BB-8AE9-D34C124BFFD9}.Debug|x64.Build.0 = Debug|Any CPU
		{B221693A-F03E-41BB-8AE9-D34C124BFFD9}.Debug|x86.ActiveCfg = Debug|Any CPU
		{B221693A-F03E-41BB-8AE9-D34C124BFFD9}.Debug|x86.Build.0 = Debug|Any CPU
		{B221693A-F03E-41BB-8AE9-D34C124BFFD9}.Release|Any CPU.ActiveCfg = Release|Any CPU
		{B221693A-F03E-41BB-8AE9-D34C124BFFD9}.Release|Any CPU.Build.0 = Release|Any CPU
		{B221693A-F03E-41BB-8AE9-D34C124BFFD9}.Release|x64.ActiveCfg = Release|Any CPU
		{B221693A-F03E-41BB-8AE9-D34C124BFFD9}.Release|x64.Build.0 = Release|Any CPU
		{B221693A-F03E-41BB-8AE9-D34C124BFFD9}.Release|x86.ActiveCfg = Release|Any CPU
		{B221693A-F03E-41BB-8AE9-D34C124BFFD9}.Release|x86.Build.0 = Release|Any CPU
		{B7754793-33F4-4006-B163-2FD844EEC0CE}.Debug|Any CPU.ActiveCfg = Debug|Any CPU
		{B7754793-33F4-4006-B163-2FD844EEC0CE}.Debug|Any CPU.Build.0 = Debug|Any CPU
		{B7754793-33F4-4006-B163-2FD844EEC0CE}.Debug|x64.ActiveCfg = Debug|Any CPU
		{B7754793-33F4-4006-B163-2FD844EEC0CE}.Debug|x64.Build.0 = Debug|Any CPU
		{B7754793-33F4-4006-B163-2FD844EEC0CE}.Debug|x86.ActiveCfg = Debug|Any CPU
		{B7754793-33F4-4006-B163-2FD844EEC0CE}.Debug|x86.Build.0 = Debug|Any CPU
		{B7754793-33F4-4006-B163-2FD844EEC0CE}.Release|Any CPU.ActiveCfg = Release|Any CPU
		{B7754793-33F4-4006-B163-2FD844EEC0CE}.Release|Any CPU.Build.0 = Release|Any CPU
		{B7754793-33F4-4006-B163-2FD844EEC0CE}.Release|x64.ActiveCfg = Release|Any CPU
		{B7754793-33F4-4006-B163-2FD844EEC0CE}.Release|x64.Build.0 = Release|Any CPU
		{B7754793-33F4-4006-B163-2FD844EEC0CE}.Release|x86.ActiveCfg = Release|Any CPU
		{B7754793-33F4-4006-B163-2FD844EEC0CE}.Release|x86.Build.0 = Release|Any CPU
	EndGlobalSection
EndGlobal
